
Microsoft Visual Studio Solution File, Format Version 12.00
# Visual Studio 14
VisualStudioVersion = 14.0.25420.1
MinimumVisualStudioVersion = 10.0.40219.1
Project("{2150E333-8FDC-42A3-9474-1A3956D46DE8}") = "src", "src", "{F5596D45-8D11-491D-B9DF-A4B1FD3F69C2}"
EndProject
Project("{2150E333-8FDC-42A3-9474-1A3956D46DE8}") = "Solution Items", "Solution Items", "{6B399214-6EEE-414E-A320-C0209CADB14E}"
	ProjectSection(SolutionItems) = preProject
		global.json = global.json
		server.conf = server.conf
	EndProjectSection
EndProject
Project("{8BB2217D-0F2D-49D1-97BC-3654ED321F3B}") = "Znaker", "src\Znaker\Znaker.xproj", "{38615FFF-E1BE-40FA-B1D0-09645F21E658}"
EndProject
Project("{8BB2217D-0F2D-49D1-97BC-3654ED321F3B}") = "Infrastructure", "src\Infrastructure\Infrastructure.xproj", "{899B540F-2A44-4483-A0F8-7E6A3662F3CC}"
EndProject
Project("{8BB2217D-0F2D-49D1-97BC-3654ED321F3B}") = "PostgreSqlProvider", "src\PostgreSqlProvider\PostgreSqlProvider.xproj", "{6203F739-9A7B-40C1-A59A-14DF24DB8A6C}"
EndProject
Project("{8BB2217D-0F2D-49D1-97BC-3654ED321F3B}") = "MigrationService", "src\MigrationService\MigrationService.xproj", "{1E0EF8B8-7937-4EDF-A80B-EAA1FEB7BA71}"
EndProject
Project("{8BB2217D-0F2D-49D1-97BC-3654ED321F3B}") = "MyToPg", "src\MyToPg\MyToPg.xproj", "{7AA85320-ADC3-4DCC-9E27-73B9B33472E3}"
EndProject
Project("{2150E333-8FDC-42A3-9474-1A3956D46DE8}") = "Parsers", "Parsers", "{9325825F-3F3F-4283-94A5-766C0E048ACF}"
EndProject
Project("{2150E333-8FDC-42A3-9474-1A3956D46DE8}") = "Libs", "Libs", "{774E5843-D843-4131-BA9F-FA66D5E09B4E}"
EndProject
Project("{2150E333-8FDC-42A3-9474-1A3956D46DE8}") = "Olx", "Olx", "{6B5016B7-0596-4C0A-9CA3-DB5B0D7A260B}"
EndProject
Project("{2150E333-8FDC-42A3-9474-1A3956D46DE8}") = "_temp", "_temp", "{8274F9BB-1AA5-455F-97F8-1FBE6AF9665B}"
EndProject
Project("{8BB2217D-0F2D-49D1-97BC-3654ED321F3B}") = "Hangfire.PostgreSql.NetCore", "src\Hangfire.PostgreSql\Hangfire.PostgreSql.NetCore.xproj", "{3E4DBC41-F38E-4D1C-A6A7-206A132A29D6}"
EndProject
Project("{8BB2217D-0F2D-49D1-97BC-3654ED321F3B}") = "OlxLib", "src\OlxLib\OlxLib.xproj", "{6EF5A00F-BF8D-43F7-AE0A-EAB51A508D1B}"
EndProject
Project("{8BB2217D-0F2D-49D1-97BC-3654ED321F3B}") = "OlxServer", "src\OlxServer\OlxServer.xproj", "{24F6CB4E-4483-4C4A-BDBE-094E870B3315}"
EndProject
Project("{8BB2217D-0F2D-49D1-97BC-3654ED321F3B}") = "OlxMigrationService", "src\OlxMigrationService\OlxMigrationService.xproj", "{927572D8-B95E-4BEE-A795-27C3A4C7E886}"
EndProject
Project("{2150E333-8FDC-42A3-9474-1A3956D46DE8}") = "test", "test", "{4C8710B0-5EFE-4F54-AD2A-1D46BF6531B1}"
EndProject
Project("{2150E333-8FDC-42A3-9474-1A3956D46DE8}") = "Parsers", "Parsers", "{B9E792E6-AB29-4CDC-974E-351D8E9D77AE}"
EndProject
Project("{2150E333-8FDC-42A3-9474-1A3956D46DE8}") = "Olx", "Olx", "{2B6F27E6-AA0A-4146-BAF8-3A744F54A18C}"
EndProject
Project("{8BB2217D-0F2D-49D1-97BC-3654ED321F3B}") = "OlxLib.Test", "test\OlxLib.Test\OlxLib.Test.xproj", "{7D02C5C5-6F32-4792-89BE-EFFF13CB3134}"
EndProject
Global
	GlobalSection(SolutionConfigurationPlatforms) = preSolution
		Debug|Any CPU = Debug|Any CPU
		Release|Any CPU = Release|Any CPU
	EndGlobalSection
	GlobalSection(ProjectConfigurationPlatforms) = postSolution
		{38615FFF-E1BE-40FA-B1D0-09645F21E658}.Debug|Any CPU.ActiveCfg = Debug|Any CPU
		{38615FFF-E1BE-40FA-B1D0-09645F21E658}.Debug|Any CPU.Build.0 = Debug|Any CPU
		{38615FFF-E1BE-40FA-B1D0-09645F21E658}.Release|Any CPU.ActiveCfg = Release|Any CPU
		{38615FFF-E1BE-40FA-B1D0-09645F21E658}.Release|Any CPU.Build.0 = Release|Any CPU
		{899B540F-2A44-4483-A0F8-7E6A3662F3CC}.Debug|Any CPU.ActiveCfg = Debug|Any CPU
		{899B540F-2A44-4483-A0F8-7E6A3662F3CC}.Debug|Any CPU.Build.0 = Debug|Any CPU
		{899B540F-2A44-4483-A0F8-7E6A3662F3CC}.Release|Any CPU.ActiveCfg = Release|Any CPU
		{899B540F-2A44-4483-A0F8-7E6A3662F3CC}.Release|Any CPU.Build.0 = Release|Any CPU
		{6203F739-9A7B-40C1-A59A-14DF24DB8A6C}.Debug|Any CPU.ActiveCfg = Debug|Any CPU
		{6203F739-9A7B-40C1-A59A-14DF24DB8A6C}.Debug|Any CPU.Build.0 = Debug|Any CPU
		{6203F739-9A7B-40C1-A59A-14DF24DB8A6C}.Release|Any CPU.ActiveCfg = Release|Any CPU
		{6203F739-9A7B-40C1-A59A-14DF24DB8A6C}.Release|Any CPU.Build.0 = Release|Any CPU
		{1E0EF8B8-7937-4EDF-A80B-EAA1FEB7BA71}.Debug|Any CPU.ActiveCfg = Debug|Any CPU
		{1E0EF8B8-7937-4EDF-A80B-EAA1FEB7BA71}.Debug|Any CPU.Build.0 = Debug|Any CPU
		{1E0EF8B8-7937-4EDF-A80B-EAA1FEB7BA71}.Release|Any CPU.ActiveCfg = Release|Any CPU
		{1E0EF8B8-7937-4EDF-A80B-EAA1FEB7BA71}.Release|Any CPU.Build.0 = Release|Any CPU
		{7AA85320-ADC3-4DCC-9E27-73B9B33472E3}.Debug|Any CPU.ActiveCfg = Debug|Any CPU
		{7AA85320-ADC3-4DCC-9E27-73B9B33472E3}.Debug|Any CPU.Build.0 = Debug|Any CPU
		{7AA85320-ADC3-4DCC-9E27-73B9B33472E3}.Release|Any CPU.ActiveCfg = Release|Any CPU
		{7AA85320-ADC3-4DCC-9E27-73B9B33472E3}.Release|Any CPU.Build.0 = Release|Any CPU
		{3E4DBC41-F38E-4D1C-A6A7-206A132A29D6}.Debug|Any CPU.ActiveCfg = Debug|Any CPU
		{3E4DBC41-F38E-4D1C-A6A7-206A132A29D6}.Debug|Any CPU.Build.0 = Debug|Any CPU
		{3E4DBC41-F38E-4D1C-A6A7-206A132A29D6}.Release|Any CPU.ActiveCfg = Release|Any CPU
		{3E4DBC41-F38E-4D1C-A6A7-206A132A29D6}.Release|Any CPU.Build.0 = Release|Any CPU
		{6EF5A00F-BF8D-43F7-AE0A-EAB51A508D1B}.Debug|Any CPU.ActiveCfg = Debug|Any CPU
		{6EF5A00F-BF8D-43F7-AE0A-EAB51A508D1B}.Debug|Any CPU.Build.0 = Debug|Any CPU
		{6EF5A00F-BF8D-43F7-AE0A-EAB51A508D1B}.Release|Any CPU.ActiveCfg = Release|Any CPU
		{6EF5A00F-BF8D-43F7-AE0A-EAB51A508D1B}.Release|Any CPU.Build.0 = Release|Any CPU
		{24F6CB4E-4483-4C4A-BDBE-094E870B3315}.Debug|Any CPU.ActiveCfg = Debug|Any CPU
		{24F6CB4E-4483-4C4A-BDBE-094E870B3315}.Debug|Any CPU.Build.0 = Debug|Any CPU
		{24F6CB4E-4483-4C4A-BDBE-094E870B3315}.Release|Any CPU.ActiveCfg = Release|Any CPU
		{24F6CB4E-4483-4C4A-BDBE-094E870B3315}.Release|Any CPU.Build.0 = Release|Any CPU
		{927572D8-B95E-4BEE-A795-27C3A4C7E886}.Debug|Any CPU.ActiveCfg = Debug|Any CPU
		{927572D8-B95E-4BEE-A795-27C3A4C7E886}.Debug|Any CPU.Build.0 = Debug|Any CPU
		{927572D8-B95E-4BEE-A795-27C3A4C7E886}.Release|Any CPU.ActiveCfg = Release|Any CPU
		{927572D8-B95E-4BEE-A795-27C3A4C7E886}.Release|Any CPU.Build.0 = Release|Any CPU
		{7D02C5C5-6F32-4792-89BE-EFFF13CB3134}.Debug|Any CPU.ActiveCfg = Debug|Any CPU
		{7D02C5C5-6F32-4792-89BE-EFFF13CB3134}.Debug|Any CPU.Build.0 = Debug|Any CPU
		{7D02C5C5-6F32-4792-89BE-EFFF13CB3134}.Release|Any CPU.ActiveCfg = Release|Any CPU
		{7D02C5C5-6F32-4792-89BE-EFFF13CB3134}.Release|Any CPU.Build.0 = Release|Any CPU
	EndGlobalSection
	GlobalSection(SolutionProperties) = preSolution
		HideSolutionNode = FALSE
	EndGlobalSection
	GlobalSection(NestedProjects) = preSolution
		{38615FFF-E1BE-40FA-B1D0-09645F21E658} = {F5596D45-8D11-491D-B9DF-A4B1FD3F69C2}
		{899B540F-2A44-4483-A0F8-7E6A3662F3CC} = {774E5843-D843-4131-BA9F-FA66D5E09B4E}
		{6203F739-9A7B-40C1-A59A-14DF24DB8A6C} = {774E5843-D843-4131-BA9F-FA66D5E09B4E}
		{1E0EF8B8-7937-4EDF-A80B-EAA1FEB7BA71} = {774E5843-D843-4131-BA9F-FA66D5E09B4E}
		{7AA85320-ADC3-4DCC-9E27-73B9B33472E3} = {8274F9BB-1AA5-455F-97F8-1FBE6AF9665B}
		{9325825F-3F3F-4283-94A5-766C0E048ACF} = {F5596D45-8D11-491D-B9DF-A4B1FD3F69C2}
		{774E5843-D843-4131-BA9F-FA66D5E09B4E} = {F5596D45-8D11-491D-B9DF-A4B1FD3F69C2}
		{6B5016B7-0596-4C0A-9CA3-DB5B0D7A260B} = {9325825F-3F3F-4283-94A5-766C0E048ACF}
		{8274F9BB-1AA5-455F-97F8-1FBE6AF9665B} = {F5596D45-8D11-491D-B9DF-A4B1FD3F69C2}
		{3E4DBC41-F38E-4D1C-A6A7-206A132A29D6} = {774E5843-D843-4131-BA9F-FA66D5E09B4E}
		{6EF5A00F-BF8D-43F7-AE0A-EAB51A508D1B} = {6B5016B7-0596-4C0A-9CA3-DB5B0D7A260B}
		{24F6CB4E-4483-4C4A-BDBE-094E870B3315} = {6B5016B7-0596-4C0A-9CA3-DB5B0D7A260B}
		{927572D8-B95E-4BEE-A795-27C3A4C7E886} = {6B5016B7-0596-4C0A-9CA3-DB5B0D7A260B}
		{B9E792E6-AB29-4CDC-974E-351D8E9D77AE} = {4C8710B0-5EFE-4F54-AD2A-1D46BF6531B1}
		{2B6F27E6-AA0A-4146-BAF8-3A744F54A18C} = {B9E792E6-AB29-4CDC-974E-351D8E9D77AE}
		{7D02C5C5-6F32-4792-89BE-EFFF13CB3134} = {2B6F27E6-AA0A-4146-BAF8-3A744F54A18C}
	EndGlobalSection
EndGlobal
