
Microsoft Visual Studio Solution File, Format Version 12.00
# Visual Studio 14
VisualStudioVersion = 14.0.25420.1
MinimumVisualStudioVersion = 10.0.40219.1
Project("{2150E333-8FDC-42A3-9474-1A3956D46DE8}") = "src", "src", "{F5596D45-8D11-491D-B9DF-A4B1FD3F69C2}"
EndProject
Project("{2150E333-8FDC-42A3-9474-1A3956D46DE8}") = "Solution Items", "Solution Items", "{6B399214-6EEE-414E-A320-C0209CADB14E}"
	ProjectSection(SolutionItems) = preProject
		global.json = global.json
		ProxyConcepts.txt = ProxyConcepts.txt
		server.conf = server.conf
		Парсер-Кандидаты.txt = Парсер-Кандидаты.txt
	EndProjectSection
EndProject
Project("{8BB2217D-0F2D-49D1-97BC-3654ED321F3B}") = "Znaker", "src\Znaker\Znaker.xproj", "{38615FFF-E1BE-40FA-B1D0-09645F21E658}"
EndProject
Project("{8BB2217D-0F2D-49D1-97BC-3654ED321F3B}") = "Infrastructure", "src\Infrastructure\Infrastructure.xproj", "{899B540F-2A44-4483-A0F8-7E6A3662F3CC}"
EndProject
Project("{8BB2217D-0F2D-49D1-97BC-3654ED321F3B}") = "PostgreSqlProvider", "src\PostgreSqlProvider\PostgreSqlProvider.xproj", "{6203F739-9A7B-40C1-A59A-14DF24DB8A6C}"
EndProject
Project("{8BB2217D-0F2D-49D1-97BC-3654ED321F3B}") = "MigrationService", "src\MigrationService\MigrationService.xproj", "{1E0EF8B8-7937-4EDF-A80B-EAA1FEB7BA71}"
EndProject
Project("{8BB2217D-0F2D-49D1-97BC-3654ED321F3B}") = "MyToPg", "src\MyToPg\MyToPg.xproj", "{7AA85320-ADC3-4DCC-9E27-73B9B33472E3}"
EndProject
Project("{2150E333-8FDC-42A3-9474-1A3956D46DE8}") = "Libs", "Libs", "{774E5843-D843-4131-BA9F-FA66D5E09B4E}"
EndProject
Project("{2150E333-8FDC-42A3-9474-1A3956D46DE8}") = "_temp", "_temp", "{8274F9BB-1AA5-455F-97F8-1FBE6AF9665B}"
EndProject
Project("{2150E333-8FDC-42A3-9474-1A3956D46DE8}") = "test", "test", "{7D7D5CF3-EDCA-458E-BFA7-018DDD2C6E4B}"
EndProject
Project("{8BB2217D-0F2D-49D1-97BC-3654ED321F3B}") = "GrabberServer", "src\GrabberServer\GrabberServer.xproj", "{4173FD0D-68E0-4A24-B7FB-383B3410A96E}"
EndProject
Project("{8BB2217D-0F2D-49D1-97BC-3654ED321F3B}") = "GrabberServer.Test", "test\GrabberServer.Test\GrabberServer.Test.xproj", "{FCD8B0C2-D465-448F-90BD-420BECAD325B}"
EndProject
Project("{8BB2217D-0F2D-49D1-97BC-3654ED321F3B}") = "Grabber", "src\Grabber\Grabber.xproj", "{E0CDFA2A-A854-40A2-8BBB-298C0A5AD1CE}"
EndProject
Global
	GlobalSection(SolutionConfigurationPlatforms) = preSolution
		Debug|Any CPU = Debug|Any CPU
		Release|Any CPU = Release|Any CPU
	EndGlobalSection
	GlobalSection(ProjectConfigurationPlatforms) = postSolution
		{38615FFF-E1BE-40FA-B1D0-09645F21E658}.Debug|Any CPU.ActiveCfg = Debug|Any CPU
		{38615FFF-E1BE-40FA-B1D0-09645F21E658}.Debug|Any CPU.Build.0 = Debug|Any CPU
		{38615FFF-E1BE-40FA-B1D0-09645F21E658}.Release|Any CPU.ActiveCfg = Release|Any CPU
		{38615FFF-E1BE-40FA-B1D0-09645F21E658}.Release|Any CPU.Build.0 = Release|Any CPU
		{899B540F-2A44-4483-A0F8-7E6A3662F3CC}.Debug|Any CPU.ActiveCfg = Debug|Any CPU
		{899B540F-2A44-4483-A0F8-7E6A3662F3CC}.Debug|Any CPU.Build.0 = Debug|Any CPU
		{899B540F-2A44-4483-A0F8-7E6A3662F3CC}.Release|Any CPU.ActiveCfg = Release|Any CPU
		{899B540F-2A44-4483-A0F8-7E6A3662F3CC}.Release|Any CPU.Build.0 = Release|Any CPU
		{6203F739-9A7B-40C1-A59A-14DF24DB8A6C}.Debug|Any CPU.ActiveCfg = Debug|Any CPU
		{6203F739-9A7B-40C1-A59A-14DF24DB8A6C}.Debug|Any CPU.Build.0 = Debug|Any CPU
		{6203F739-9A7B-40C1-A59A-14DF24DB8A6C}.Release|Any CPU.ActiveCfg = Release|Any CPU
		{6203F739-9A7B-40C1-A59A-14DF24DB8A6C}.Release|Any CPU.Build.0 = Release|Any CPU
		{1E0EF8B8-7937-4EDF-A80B-EAA1FEB7BA71}.Debug|Any CPU.ActiveCfg = Debug|Any CPU
		{1E0EF8B8-7937-4EDF-A80B-EAA1FEB7BA71}.Debug|Any CPU.Build.0 = Debug|Any CPU
		{1E0EF8B8-7937-4EDF-A80B-EAA1FEB7BA71}.Release|Any CPU.ActiveCfg = Release|Any CPU
		{1E0EF8B8-7937-4EDF-A80B-EAA1FEB7BA71}.Release|Any CPU.Build.0 = Release|Any CPU
		{7AA85320-ADC3-4DCC-9E27-73B9B33472E3}.Debug|Any CPU.ActiveCfg = Debug|Any CPU
		{7AA85320-ADC3-4DCC-9E27-73B9B33472E3}.Debug|Any CPU.Build.0 = Debug|Any CPU
		{7AA85320-ADC3-4DCC-9E27-73B9B33472E3}.Release|Any CPU.ActiveCfg = Release|Any CPU
		{7AA85320-ADC3-4DCC-9E27-73B9B33472E3}.Release|Any CPU.Build.0 = Release|Any CPU
		{4173FD0D-68E0-4A24-B7FB-383B3410A96E}.Debug|Any CPU.ActiveCfg = Debug|Any CPU
		{4173FD0D-68E0-4A24-B7FB-383B3410A96E}.Debug|Any CPU.Build.0 = Debug|Any CPU
		{4173FD0D-68E0-4A24-B7FB-383B3410A96E}.Release|Any CPU.ActiveCfg = Release|Any CPU
		{4173FD0D-68E0-4A24-B7FB-383B3410A96E}.Release|Any CPU.Build.0 = Release|Any CPU
		{FCD8B0C2-D465-448F-90BD-420BECAD325B}.Debug|Any CPU.ActiveCfg = Debug|Any CPU
		{FCD8B0C2-D465-448F-90BD-420BECAD325B}.Debug|Any CPU.Build.0 = Debug|Any CPU
		{FCD8B0C2-D465-448F-90BD-420BECAD325B}.Release|Any CPU.ActiveCfg = Release|Any CPU
		{FCD8B0C2-D465-448F-90BD-420BECAD325B}.Release|Any CPU.Build.0 = Release|Any CPU
		{E0CDFA2A-A854-40A2-8BBB-298C0A5AD1CE}.Debug|Any CPU.ActiveCfg = Debug|Any CPU
		{E0CDFA2A-A854-40A2-8BBB-298C0A5AD1CE}.Debug|Any CPU.Build.0 = Debug|Any CPU
		{E0CDFA2A-A854-40A2-8BBB-298C0A5AD1CE}.Release|Any CPU.ActiveCfg = Release|Any CPU
		{E0CDFA2A-A854-40A2-8BBB-298C0A5AD1CE}.Release|Any CPU.Build.0 = Release|Any CPU
	EndGlobalSection
	GlobalSection(SolutionProperties) = preSolution
		HideSolutionNode = FALSE
	EndGlobalSection
	GlobalSection(NestedProjects) = preSolution
		{38615FFF-E1BE-40FA-B1D0-09645F21E658} = {F5596D45-8D11-491D-B9DF-A4B1FD3F69C2}
		{899B540F-2A44-4483-A0F8-7E6A3662F3CC} = {774E5843-D843-4131-BA9F-FA66D5E09B4E}
		{6203F739-9A7B-40C1-A59A-14DF24DB8A6C} = {774E5843-D843-4131-BA9F-FA66D5E09B4E}
		{1E0EF8B8-7937-4EDF-A80B-EAA1FEB7BA71} = {774E5843-D843-4131-BA9F-FA66D5E09B4E}
		{7AA85320-ADC3-4DCC-9E27-73B9B33472E3} = {8274F9BB-1AA5-455F-97F8-1FBE6AF9665B}
		{774E5843-D843-4131-BA9F-FA66D5E09B4E} = {F5596D45-8D11-491D-B9DF-A4B1FD3F69C2}
		{8274F9BB-1AA5-455F-97F8-1FBE6AF9665B} = {F5596D45-8D11-491D-B9DF-A4B1FD3F69C2}
		{4173FD0D-68E0-4A24-B7FB-383B3410A96E} = {F5596D45-8D11-491D-B9DF-A4B1FD3F69C2}
		{FCD8B0C2-D465-448F-90BD-420BECAD325B} = {7D7D5CF3-EDCA-458E-BFA7-018DDD2C6E4B}
		{E0CDFA2A-A854-40A2-8BBB-298C0A5AD1CE} = {F5596D45-8D11-491D-B9DF-A4B1FD3F69C2}
	EndGlobalSection
EndGlobal
